// !$*UTF8*$!
{
	archiveVersion = 1;
	classes = {
	};
	objectVersion = 55;
	objects = {

/* Begin PBXBuildFile section */
		891EB5762843EBA100426E6F /* NubankSwiftUIApp.swift in Sources */ = {isa = PBXBuildFile; fileRef = 891EB5752843EBA100426E6F /* NubankSwiftUIApp.swift */; };
		891EB5782843EBA100426E6F /* ContentView.swift in Sources */ = {isa = PBXBuildFile; fileRef = 891EB5772843EBA100426E6F /* ContentView.swift */; };
		891EB57A2843EBA500426E6F /* Assets.xcassets in Resources */ = {isa = PBXBuildFile; fileRef = 891EB5792843EBA500426E6F /* Assets.xcassets */; };
		891EB57D2843EBA500426E6F /* Preview Assets.xcassets in Resources */ = {isa = PBXBuildFile; fileRef = 891EB57C2843EBA500426E6F /* Preview Assets.xcassets */; };
		891EB5862843EFE200426E6F /* IconRow.swift in Sources */ = {isa = PBXBuildFile; fileRef = 891EB5852843EFE200426E6F /* IconRow.swift */; };
		891EB5882843FA4000426E6F /* HeaderApp.swift in Sources */ = {isa = PBXBuildFile; fileRef = 891EB5872843FA4000426E6F /* HeaderApp.swift */; };
		891EB58A2844104100426E6F /* CardInfoNu.swift in Sources */ = {isa = PBXBuildFile; fileRef = 891EB5892844104100426E6F /* CardInfoNu.swift */; };
		893AEC9228447261009E2DB4 /* ContaSaldoView.swift in Sources */ = {isa = PBXBuildFile; fileRef = 893AEC9128447261009E2DB4 /* ContaSaldoView.swift */; };
		893AEC94284474AC009E2DB4 /* CardDemonstrativos.swift in Sources */ = {isa = PBXBuildFile; fileRef = 893AEC93284474AC009E2DB4 /* CardDemonstrativos.swift */; };
		893AEC9628447B1B009E2DB4 /* CardCompras.swift in Sources */ = {isa = PBXBuildFile; fileRef = 893AEC9528447B1B009E2DB4 /* CardCompras.swift */; };
		895CD69E284A850600C31B28 /* HomeView.swift in Sources */ = {isa = PBXBuildFile; fileRef = 895CD69D284A850600C31B28 /* HomeView.swift */; };
		895CD6A0284A860200C31B28 /* ContaCreditoView.swift in Sources */ = {isa = PBXBuildFile; fileRef = 895CD69F284A860200C31B28 /* ContaCreditoView.swift */; };
		895CD6A2284A990500C31B28 /* LoginView.swift in Sources */ = {isa = PBXBuildFile; fileRef = 895CD6A1284A990500C31B28 /* LoginView.swift */; };
		895CD6A6284AA48A00C31B28 /* LoadingView.swift in Sources */ = {isa = PBXBuildFile; fileRef = 895CD6A5284AA48900C31B28 /* LoadingView.swift */; };
		897EB139284416C800FB18E3 /* CardFooter.swift in Sources */ = {isa = PBXBuildFile; fileRef = 897EB138284416C800FB18E3 /* CardFooter.swift */; };
/* End PBXBuildFile section */

/* Begin PBXFileReference section */
		891EB5722843EBA100426E6F /* NubankSwiftUI.app */ = {isa = PBXFileReference; explicitFileType = wrapper.application; includeInIndex = 0; path = NubankSwiftUI.app; sourceTree = BUILT_PRODUCTS_DIR; };
		891EB5752843EBA100426E6F /* NubankSwiftUIApp.swift */ = {isa = PBXFileReference; lastKnownFileType = sourcecode.swift; path = NubankSwiftUIApp.swift; sourceTree = "<group>"; };
		891EB5772843EBA100426E6F /* ContentView.swift */ = {isa = PBXFileReference; lastKnownFileType = sourcecode.swift; path = ContentView.swift; sourceTree = "<group>"; };
		891EB5792843EBA500426E6F /* Assets.xcassets */ = {isa = PBXFileReference; lastKnownFileType = folder.assetcatalog; path = Assets.xcassets; sourceTree = "<group>"; };
		891EB57C2843EBA500426E6F /* Preview Assets.xcassets */ = {isa = PBXFileReference; lastKnownFileType = folder.assetcatalog; path = "Preview Assets.xcassets"; sourceTree = "<group>"; };
		891EB5852843EFE200426E6F /* IconRow.swift */ = {isa = PBXFileReference; lastKnownFileType = sourcecode.swift; path = IconRow.swift; sourceTree = "<group>"; };
		891EB5872843FA4000426E6F /* HeaderApp.swift */ = {isa = PBXFileReference; lastKnownFileType = sourcecode.swift; path = HeaderApp.swift; sourceTree = "<group>"; };
		891EB5892844104100426E6F /* CardInfoNu.swift */ = {isa = PBXFileReference; lastKnownFileType = sourcecode.swift; path = CardInfoNu.swift; sourceTree = "<group>"; };
		893AEC9128447261009E2DB4 /* ContaSaldoView.swift */ = {isa = PBXFileReference; lastKnownFileType = sourcecode.swift; path = ContaSaldoView.swift; sourceTree = "<group>"; };
		893AEC93284474AC009E2DB4 /* CardDemonstrativos.swift */ = {isa = PBXFileReference; lastKnownFileType = sourcecode.swift; path = CardDemonstrativos.swift; sourceTree = "<group>"; };
		893AEC9528447B1B009E2DB4 /* CardCompras.swift */ = {isa = PBXFileReference; lastKnownFileType = sourcecode.swift; path = CardCompras.swift; sourceTree = "<group>"; };
		895CD69D284A850600C31B28 /* HomeView.swift */ = {isa = PBXFileReference; lastKnownFileType = sourcecode.swift; path = HomeView.swift; sourceTree = "<group>"; };
		895CD69F284A860200C31B28 /* ContaCreditoView.swift */ = {isa = PBXFileReference; lastKnownFileType = sourcecode.swift; path = ContaCreditoView.swift; sourceTree = "<group>"; };
		895CD6A1284A990500C31B28 /* LoginView.swift */ = {isa = PBXFileReference; lastKnownFileType = sourcecode.swift; path = LoginView.swift; sourceTree = "<group>"; };
		895CD6A3284A9F8E00C31B28 /* Info.plist */ = {isa = PBXFileReference; lastKnownFileType = text.plist; path = Info.plist; sourceTree = "<group>"; };
		895CD6A5284AA48900C31B28 /* LoadingView.swift */ = {isa = PBXFileReference; lastKnownFileType = sourcecode.swift; path = LoadingView.swift; sourceTree = "<group>"; };
		897EB138284416C800FB18E3 /* CardFooter.swift */ = {isa = PBXFileReference; lastKnownFileType = sourcecode.swift; path = CardFooter.swift; sourceTree = "<group>"; };
/* End PBXFileReference section */

/* Begin PBXFrameworksBuildPhase section */
		891EB56F2843EBA100426E6F /* Frameworks */ = {
			isa = PBXFrameworksBuildPhase;
			buildActionMask = 2147483647;
			files = (
			);
			runOnlyForDeploymentPostprocessing = 0;
		};
/* End PBXFrameworksBuildPhase section */

/* Begin PBXGroup section */
		891EB5692843EBA100426E6F = {
			isa = PBXGroup;
			children = (
				891EB5742843EBA100426E6F /* NubankSwiftUI */,
				891EB5732843EBA100426E6F /* Products */,
			);
			sourceTree = "<group>";
		};
		891EB5732843EBA100426E6F /* Products */ = {
			isa = PBXGroup;
			children = (
				891EB5722843EBA100426E6F /* NubankSwiftUI.app */,
			);
			name = Products;
			sourceTree = "<group>";
		};
		891EB5742843EBA100426E6F /* NubankSwiftUI */ = {
			isa = PBXGroup;
			children = (
				895CD6A3284A9F8E00C31B28 /* Info.plist */,
				891EB5752843EBA100426E6F /* NubankSwiftUIApp.swift */,
				891EB5842843EFA000426E6F /* Views */,
				895CD6A4284AA0DE00C31B28 /* Managers */,
				891EB5792843EBA500426E6F /* Assets.xcassets */,
				891EB57B2843EBA500426E6F /* Preview Content */,
			);
			path = NubankSwiftUI;
			sourceTree = "<group>";
		};
		891EB57B2843EBA500426E6F /* Preview Content */ = {
			isa = PBXGroup;
			children = (
				891EB57C2843EBA500426E6F /* Preview Assets.xcassets */,
			);
			path = "Preview Content";
			sourceTree = "<group>";
		};
		891EB5832843EF8A00426E6F /* Components */ = {
			isa = PBXGroup;
			children = (
				891EB5872843FA4000426E6F /* HeaderApp.swift */,
				891EB5852843EFE200426E6F /* IconRow.swift */,
				891EB5892844104100426E6F /* CardInfoNu.swift */,
				897EB138284416C800FB18E3 /* CardFooter.swift */,
				893AEC93284474AC009E2DB4 /* CardDemonstrativos.swift */,
				893AEC9528447B1B009E2DB4 /* CardCompras.swift */,
			);
			path = Components;
			sourceTree = "<group>";
		};
		891EB5842843EFA000426E6F /* Views */ = {
			isa = PBXGroup;
			children = (
				891EB5772843EBA100426E6F /* ContentView.swift */,
				895CD6A5284AA48900C31B28 /* LoadingView.swift */,
				895CD6A1284A990500C31B28 /* LoginView.swift */,
				895CD69D284A850600C31B28 /* HomeView.swift */,
				893AEC9128447261009E2DB4 /* ContaSaldoView.swift */,
				895CD69F284A860200C31B28 /* ContaCreditoView.swift */,
				891EB5832843EF8A00426E6F /* Components */,
			);
			path = Views;
			sourceTree = "<group>";
		};
		895CD6A4284AA0DE00C31B28 /* Managers */ = {
			isa = PBXGroup;
			children = (
			);
			path = Managers;
			sourceTree = "<group>";
		};
/* End PBXGroup section */

/* Begin PBXNativeTarget section */
		891EB5712843EBA100426E6F /* NubankSwiftUI */ = {
			isa = PBXNativeTarget;
			buildConfigurationList = 891EB5802843EBA500426E6F /* Build configuration list for PBXNativeTarget "NubankSwiftUI" */;
			buildPhases = (
				891EB56E2843EBA100426E6F /* Sources */,
				891EB56F2843EBA100426E6F /* Frameworks */,
				891EB5702843EBA100426E6F /* Resources */,
			);
			buildRules = (
			);
			dependencies = (
			);
			name = NubankSwiftUI;
			productName = NubankSwiftUI;
			productReference = 891EB5722843EBA100426E6F /* NubankSwiftUI.app */;
			productType = "com.apple.product-type.application";
		};
/* End PBXNativeTarget section */

/* Begin PBXProject section */
		891EB56A2843EBA100426E6F /* Project object */ = {
			isa = PBXProject;
			attributes = {
				BuildIndependentTargetsInParallel = 1;
				LastSwiftUpdateCheck = 1330;
				LastUpgradeCheck = 1330;
				TargetAttributes = {
					891EB5712843EBA100426E6F = {
						CreatedOnToolsVersion = 13.3.1;
					};
				};
			};
			buildConfigurationList = 891EB56D2843EBA100426E6F /* Build configuration list for PBXProject "NubankSwiftUI" */;
			compatibilityVersion = "Xcode 13.0";
			developmentRegion = en;
			hasScannedForEncodings = 0;
			knownRegions = (
				en,
				Base,
			);
			mainGroup = 891EB5692843EBA100426E6F;
			productRefGroup = 891EB5732843EBA100426E6F /* Products */;
			projectDirPath = "";
			projectRoot = "";
			targets = (
				891EB5712843EBA100426E6F /* NubankSwiftUI */,
			);
		};
/* End PBXProject section */

/* Begin PBXResourcesBuildPhase section */
		891EB5702843EBA100426E6F /* Resources */ = {
			isa = PBXResourcesBuildPhase;
			buildActionMask = 2147483647;
			files = (
				891EB57D2843EBA500426E6F /* Preview Assets.xcassets in Resources */,
				891EB57A2843EBA500426E6F /* Assets.xcassets in Resources */,
			);
			runOnlyForDeploymentPostprocessing = 0;
		};
/* End PBXResourcesBuildPhase section */

/* Begin PBXSourcesBuildPhase section */
		891EB56E2843EBA100426E6F /* Sources */ = {
			isa = PBXSourcesBuildPhase;
			buildActionMask = 2147483647;
			files = (
				891EB5882843FA4000426E6F /* HeaderApp.swift in Sources */,
				891EB5862843EFE200426E6F /* IconRow.swift in Sources */,
				897EB139284416C800FB18E3 /* CardFooter.swift in Sources */,
				895CD69E284A850600C31B28 /* HomeView.swift in Sources */,
				891EB58A2844104100426E6F /* CardInfoNu.swift in Sources */,
				895CD6A0284A860200C31B28 /* ContaCreditoView.swift in Sources */,
				895CD6A2284A990500C31B28 /* LoginView.swift in Sources */,
				891EB5782843EBA100426E6F /* ContentView.swift in Sources */,
				893AEC9628447B1B009E2DB4 /* CardCompras.swift in Sources */,
				891EB5762843EBA100426E6F /* NubankSwiftUIApp.swift in Sources */,
				893AEC9228447261009E2DB4 /* ContaSaldoView.swift in Sources */,
				895CD6A6284AA48A00C31B28 /* LoadingView.swift in Sources */,
				893AEC94284474AC009E2DB4 /* CardDemonstrativos.swift in Sources */,
			);
			runOnlyForDeploymentPostprocessing = 0;
		};
/* End PBXSourcesBuildPhase section */

/* Begin XCBuildConfiguration section */
		891EB57E2843EBA500426E6F /* Debug */ = {
			isa = XCBuildConfiguration;
			buildSettings = {
				ALWAYS_SEARCH_USER_PATHS = NO;
				CLANG_ANALYZER_NONNULL = YES;
				CLANG_ANALYZER_NUMBER_OBJECT_CONVERSION = YES_AGGRESSIVE;
				CLANG_CXX_LANGUAGE_STANDARD = "gnu++17";
				CLANG_ENABLE_MODULES = YES;
				CLANG_ENABLE_OBJC_ARC = YES;
				CLANG_ENABLE_OBJC_WEAK = YES;
				CLANG_WARN_BLOCK_CAPTURE_AUTORELEASING = YES;
				CLANG_WARN_BOOL_CONVERSION = YES;
				CLANG_WARN_COMMA = YES;
				CLANG_WARN_CONSTANT_CONVERSION = YES;
				CLANG_WARN_DEPRECATED_OBJC_IMPLEMENTATIONS = YES;
				CLANG_WARN_DIRECT_OBJC_ISA_USAGE = YES_ERROR;
				CLANG_WARN_DOCUMENTATION_COMMENTS = YES;
				CLANG_WARN_EMPTY_BODY = YES;
				CLANG_WARN_ENUM_CONVERSION = YES;
				CLANG_WARN_INFINITE_RECURSION = YES;
				CLANG_WARN_INT_CONVERSION = YES;
				CLANG_WARN_NON_LITERAL_NULL_CONVERSION = YES;
				CLANG_WARN_OBJC_IMPLICIT_RETAIN_SELF = YES;
				CLANG_WARN_OBJC_LITERAL_CONVERSION = YES;
				CLANG_WARN_OBJC_ROOT_CLASS = YES_ERROR;
				CLANG_WARN_QUOTED_INCLUDE_IN_FRAMEWORK_HEADER = YES;
				CLANG_WARN_RANGE_LOOP_ANALYSIS = YES;
				CLANG_WARN_STRICT_PROTOTYPES = YES;
				CLANG_WARN_SUSPICIOUS_MOVE = YES;
				CLANG_WARN_UNGUARDED_AVAILABILITY = YES_AGGRESSIVE;
				CLANG_WARN_UNREACHABLE_CODE = YES;
				CLANG_WARN__DUPLICATE_METHOD_MATCH = YES;
				COPY_PHASE_STRIP = NO;
				DEBUG_INFORMATION_FORMAT = dwarf;
				ENABLE_STRICT_OBJC_MSGSEND = YES;
				ENABLE_TESTABILITY = YES;
				GCC_C_LANGUAGE_STANDARD = gnu11;
				GCC_DYNAMIC_NO_PIC = NO;
				GCC_NO_COMMON_BLOCKS = YES;
				GCC_OPTIMIZATION_LEVEL = 0;
				GCC_PREPROCESSOR_DEFINITIONS = (
					"DEBUG=1",
					"$(inherited)",
				);
				GCC_WARN_64_TO_32_BIT_CONVERSION = YES;
				GCC_WARN_ABOUT_RETURN_TYPE = YES_ERROR;
				GCC_WARN_UNDECLARED_SELECTOR = YES;
				GCC_WARN_UNINITIALIZED_AUTOS = YES_AGGRESSIVE;
				GCC_WARN_UNUSED_FUNCTION = YES;
				GCC_WARN_UNUSED_VARIABLE = YES;
				IPHONEOS_DEPLOYMENT_TARGET = 15.4;
				MTL_ENABLE_DEBUG_INFO = INCLUDE_SOURCE;
				MTL_FAST_MATH = YES;
				ONLY_ACTIVE_ARCH = YES;
				SDKROOT = iphoneos;
				SWIFT_ACTIVE_COMPILATION_CONDITIONS = DEBUG;
				SWIFT_OPTIMIZATION_LEVEL = "-Onone";
			};
			name = Debug;
		};
		891EB57F2843EBA500426E6F /* Release */ = {
			isa = XCBuildConfiguration;
			buildSettings = {
				ALWAYS_SEARCH_USER_PATHS = NO;
				CLANG_ANALYZER_NONNULL = YES;
				CLANG_ANALYZER_NUMBER_OBJECT_CONVERSION = YES_AGGRESSIVE;
				CLANG_CXX_LANGUAGE_STANDARD = "gnu++17";
				CLANG_ENABLE_MODULES = YES;
				CLANG_ENABLE_OBJC_ARC = YES;
				CLANG_ENABLE_OBJC_WEAK = YES;
				CLANG_WARN_BLOCK_CAPTURE_AUTORELEASING = YES;
				CLANG_WARN_BOOL_CONVERSION = YES;
				CLANG_WARN_COMMA = YES;
				CLANG_WARN_CONSTANT_CONVERSION = YES;
				CLANG_WARN_DEPRECATED_OBJC_IMPLEMENTATIONS = YES;
				CLANG_WARN_DIRECT_OBJC_ISA_USAGE = YES_ERROR;
				CLANG_WARN_DOCUMENTATION_COMMENTS = YES;
				CLANG_WARN_EMPTY_BODY = YES;
				CLANG_WARN_ENUM_CONVERSION = YES;
				CLANG_WARN_INFINITE_RECURSION = YES;
				CLANG_WARN_INT_CONVERSION = YES;
				CLANG_WARN_NON_LITERAL_NULL_CONVERSION = YES;
				CLANG_WARN_OBJC_IMPLICIT_RETAIN_SELF = YES;
				CLANG_WARN_OBJC_LITERAL_CONVERSION = YES;
				CLANG_WARN_OBJC_ROOT_CLASS = YES_ERROR;
				CLANG_WARN_QUOTED_INCLUDE_IN_FRAMEWORK_HEADER = YES;
				CLANG_WARN_RANGE_LOOP_ANALYSIS = YES;
				CLANG_WARN_STRICT_PROTOTYPES = YES;
				CLANG_WARN_SUSPICIOUS_MOVE = YES;
				CLANG_WARN_UNGUARDED_AVAILABILITY = YES_AGGRESSIVE;
				CLANG_WARN_UNREACHABLE_CODE = YES;
				CLANG_WARN__DUPLICATE_METHOD_MATCH = YES;
				COPY_PHASE_STRIP = NO;
				DEBUG_INFORMATION_FORMAT = "dwarf-with-dsym";
				ENABLE_NS_ASSERTIONS = NO;
				ENABLE_STRICT_OBJC_MSGSEND = YES;
				GCC_C_LANGUAGE_STANDARD = gnu11;
				GCC_NO_COMMON_BLOCKS = YES;
				GCC_WARN_64_TO_32_BIT_CONVERSION = YES;
				GCC_WARN_ABOUT_RETURN_TYPE = YES_ERROR;
				GCC_WARN_UNDECLARED_SELECTOR = YES;
				GCC_WARN_UNINITIALIZED_AUTOS = YES_AGGRESSIVE;
				GCC_WARN_UNUSED_FUNCTION = YES;
				GCC_WARN_UNUSED_VARIABLE = YES;
				IPHONEOS_DEPLOYMENT_TARGET = 15.4;
				MTL_ENABLE_DEBUG_INFO = NO;
				MTL_FAST_MATH = YES;
				SDKROOT = iphoneos;
				SWIFT_COMPILATION_MODE = wholemodule;
				SWIFT_OPTIMIZATION_LEVEL = "-O";
				VALIDATE_PRODUCT = YES;
			};
			name = Release;
		};
		891EB5812843EBA500426E6F /* Debug */ = {
			isa = XCBuildConfiguration;
			buildSettings = {
				ASSETCATALOG_COMPILER_APPICON_NAME = AppIcon;
				ASSETCATALOG_COMPILER_GLOBAL_ACCENT_COLOR_NAME = AccentColor;
				CODE_SIGN_STYLE = Automatic;
				CURRENT_PROJECT_VERSION = 1;
				DEVELOPMENT_ASSET_PATHS = "\"NubankSwiftUI/Preview Content\"";
				DEVELOPMENT_TEAM = R9YGK79Y8Y;
				ENABLE_PREVIEWS = YES;
				GENERATE_INFOPLIST_FILE = YES;
				INFOPLIST_FILE = NubankSwiftUI/Info.plist;
				INFOPLIST_KEY_UIApplicationSceneManifest_Generation = YES;
				INFOPLIST_KEY_UIApplicationSupportsIndirectInputEvents = YES;
				INFOPLIST_KEY_UISupportedInterfaceOrientations_iPad = "UIInterfaceOrientationPortrait UIInterfaceOrientationPortraitUpsideDown UIInterfaceOrientationLandscapeLeft UIInterfaceOrientationLandscapeRight";
				INFOPLIST_KEY_UISupportedInterfaceOrientations_iPhone = "UIInterfaceOrientationPortrait UIInterfaceOrientationLandscapeLeft UIInterfaceOrientationLandscapeRight";
				LD_RUNPATH_SEARCH_PATHS = (
					"$(inherited)",
					"@executable_path/Frameworks",
				);
				MARKETING_VERSION = 1.0;
				PRODUCT_BUNDLE_IDENTIFIER = com.brian.NubankSwiftUI;
				PRODUCT_NAME = "$(TARGET_NAME)";
				SWIFT_EMIT_LOC_STRINGS = YES;
				SWIFT_VERSION = 5.0;
				TARGETED_DEVICE_FAMILY = "1,2";
			};
			name = Debug;
		};
		891EB5822843EBA500426E6F /* Release */ = {
			isa = XCBuildConfiguration;
			buildSettings = {
				ASSETCATALOG_COMPILER_APPICON_NAME = AppIcon;
				ASSETCATALOG_COMPILER_GLOBAL_ACCENT_COLOR_NAME = AccentColor;
				CODE_SIGN_STYLE = Automatic;
				CURRENT_PROJECT_VERSION = 1;
				DEVELOPMENT_ASSET_PATHS = "\"NubankSwiftUI/Preview Content\"";
				DEVELOPMENT_TEAM = R9YGK79Y8Y;
				ENABLE_PREVIEWS = YES;
				GENERATE_INFOPLIST_FILE = YES;
				INFOPLIST_FILE = NubankSwiftUI/Info.plist;
				INFOPLIST_KEY_UIApplicationSceneManifest_Generation = YES;
				INFOPLIST_KEY_UIApplicationSupportsIndirectInputEvents = YES;
				INFOPLIST_KEY_UISupportedInterfaceOrientations_iPad = "UIInterfaceOrientationPortrait UIInterfaceOrientationPortraitUpsideDown UIInterfaceOrientationLandscapeLeft UIInterfaceOrientationLandscapeRight";
				INFOPLIST_KEY_UISupportedInterfaceOrientations_iPhone = "UIInterfaceOrientationPortrait UIInterfaceOrientationLandscapeLeft UIInterfaceOrientationLandscapeRight";
				LD_RUNPATH_SEARCH_PATHS = (
					"$(inherited)",
					"@executable_path/Frameworks",
				);
				MARKETING_VERSION = 1.0;
				PRODUCT_BUNDLE_IDENTIFIER = com.brian.NubankSwiftUI;
				PRODUCT_NAME = "$(TARGET_NAME)";
				SWIFT_EMIT_LOC_STRINGS = YES;
				SWIFT_VERSION = 5.0;
				TARGETED_DEVICE_FAMILY = "1,2";
			};
			name = Release;
		};
/* End XCBuildConfiguration section */

/* Begin XCConfigurationList section */
		891EB56D2843EBA100426E6F /* Build configuration list for PBXProject "NubankSwiftUI" */ = {
			isa = XCConfigurationList;
			buildConfigurations = (
				891EB57E2843EBA500426E6F /* Debug */,
				891EB57F2843EBA500426E6F /* Release */,
			);
			defaultConfigurationIsVisible = 0;
			defaultConfigurationName = Release;
		};
		891EB5802843EBA500426E6F /* Build configuration list for PBXNativeTarget "NubankSwiftUI" */ = {
			isa = XCConfigurationList;
			buildConfigurations = (
				891EB5812843EBA500426E6F /* Debug */,
				891EB5822843EBA500426E6F /* Release */,
			);
			defaultConfigurationIsVisible = 0;
			defaultConfigurationName = Release;
		};
/* End XCConfigurationList section */
	};
	rootObject = 891EB56A2843EBA100426E6F /* Project object */;
}
